// !$*UTF8*$!
{
	archiveVersion = 1;
	classes = {
	};
	objectVersion = 52;
	objects = {

/* Begin PBXBuildFile section */
		0F549246CDCFC1ABD8C44229 /* Pods_btcwalletTests.framework in Frameworks */ = {isa = PBXBuildFile; fileRef = CDBA0E9EA50B076E72C71338 /* Pods_btcwalletTests.framework */; };
		6DE922887E5CB6A5DAF0B07E /* Pods_btcwallet_btcwalletUITests.framework in Frameworks */ = {isa = PBXBuildFile; fileRef = C90A285A856AF855EBBD4E9C /* Pods_btcwallet_btcwalletUITests.framework */; };
		700A4F1F5434C408431B077D /* Pods_btcwallet.framework in Frameworks */ = {isa = PBXBuildFile; fileRef = 3520FA8C3B2806A2E7E7ECCE /* Pods_btcwallet.framework */; };
		7F0B790A25C8D549003AA1B8 /* CodeScanner in Frameworks */ = {isa = PBXBuildFile; productRef = 7F0B790925C8D549003AA1B8 /* CodeScanner */; };
		7FB90C1225BFB0B5005197D3 /* Wallet.swift in Sources */ = {isa = PBXBuildFile; fileRef = 7FB90C1125BFB0B5005197D3 /* Wallet.swift */; };
		7FC2327825C118D90014D8CF /* CopyUILabel.swift in Sources */ = {isa = PBXBuildFile; fileRef = 7FC2327725C118D90014D8CF /* CopyUILabel.swift */; };
		7FEC870D25B7FA4000283EBD /* btcwalletApp.swift in Sources */ = {isa = PBXBuildFile; fileRef = 7FEC870C25B7FA4000283EBD /* btcwalletApp.swift */; };
		7FEC870F25B7FA4000283EBD /* ContentView.swift in Sources */ = {isa = PBXBuildFile; fileRef = 7FEC870E25B7FA4000283EBD /* ContentView.swift */; };
		7FEC871125B7FA4100283EBD /* Assets.xcassets in Resources */ = {isa = PBXBuildFile; fileRef = 7FEC871025B7FA4100283EBD /* Assets.xcassets */; };
		7FEC871425B7FA4200283EBD /* Preview Assets.xcassets in Resources */ = {isa = PBXBuildFile; fileRef = 7FEC871325B7FA4100283EBD /* Preview Assets.xcassets */; };
		7FEC871F25B7FA4200283EBD /* btcwalletTests.swift in Sources */ = {isa = PBXBuildFile; fileRef = 7FEC871E25B7FA4200283EBD /* btcwalletTests.swift */; };
		7FEC872A25B7FA4200283EBD /* btcwalletUITests.swift in Sources */ = {isa = PBXBuildFile; fileRef = 7FEC872925B7FA4200283EBD /* btcwalletUITests.swift */; };
		7FF59DBB25C3CACE0000F43E /* WalletView.swift in Sources */ = {isa = PBXBuildFile; fileRef = 7FF59DBA25C3CACE0000F43E /* WalletView.swift */; };
		7FF59DC625C3CD520000F43E /* PaymentView.swift in Sources */ = {isa = PBXBuildFile; fileRef = 7FF59DC525C3CD520000F43E /* PaymentView.swift */; };
		7FF59DCF25C3D0E80000F43E /* SwiftUIRefresh in Frameworks */ = {isa = PBXBuildFile; productRef = 7FF59DCE25C3D0E80000F43E /* SwiftUIRefresh */; };
		7FF59DD425C3D3B90000F43E /* SettingView.swift in Sources */ = {isa = PBXBuildFile; fileRef = 7FF59DD325C3D3B90000F43E /* SettingView.swift */; };
/* End PBXBuildFile section */

/* Begin PBXContainerItemProxy section */
		7FEC871B25B7FA4200283EBD /* PBXContainerItemProxy */ = {
			isa = PBXContainerItemProxy;
			containerPortal = 7FEC870125B7FA4000283EBD /* Project object */;
			proxyType = 1;
			remoteGlobalIDString = 7FEC870825B7FA4000283EBD;
			remoteInfo = btcwallet;
		};
		7FEC872625B7FA4200283EBD /* PBXContainerItemProxy */ = {
			isa = PBXContainerItemProxy;
			containerPortal = 7FEC870125B7FA4000283EBD /* Project object */;
			proxyType = 1;
			remoteGlobalIDString = 7FEC870825B7FA4000283EBD;
			remoteInfo = btcwallet;
		};
/* End PBXContainerItemProxy section */

/* Begin PBXFileReference section */
		27C5E33C2FDA9EF2BCEA68EF /* Pods-btcwallet.release.xcconfig */ = {isa = PBXFileReference; includeInIndex = 1; lastKnownFileType = text.xcconfig; name = "Pods-btcwallet.release.xcconfig"; path = "Target Support Files/Pods-btcwallet/Pods-btcwallet.release.xcconfig"; sourceTree = "<group>"; };
		3520FA8C3B2806A2E7E7ECCE /* Pods_btcwallet.framework */ = {isa = PBXFileReference; explicitFileType = wrapper.framework; includeInIndex = 0; path = Pods_btcwallet.framework; sourceTree = BUILT_PRODUCTS_DIR; };
		6C4DC4D36C117BACD940137F /* Pods-btcwalletTests.debug.xcconfig */ = {isa = PBXFileReference; includeInIndex = 1; lastKnownFileType = text.xcconfig; name = "Pods-btcwalletTests.debug.xcconfig"; path = "Target Support Files/Pods-btcwalletTests/Pods-btcwalletTests.debug.xcconfig"; sourceTree = "<group>"; };
		7E867F06EB752F9FEBCFF548 /* Pods-btcwallet-btcwalletUITests.debug.xcconfig */ = {isa = PBXFileReference; includeInIndex = 1; lastKnownFileType = text.xcconfig; name = "Pods-btcwallet-btcwalletUITests.debug.xcconfig"; path = "Target Support Files/Pods-btcwallet-btcwalletUITests/Pods-btcwallet-btcwalletUITests.debug.xcconfig"; sourceTree = "<group>"; };
		7FAFE4E625C168150035204C /* btctest.playground */ = {isa = PBXFileReference; lastKnownFileType = file.playground; path = btctest.playground; sourceTree = "<group>"; xcLanguageSpecificationIdentifier = xcode.lang.swift; };
		7FB90C1125BFB0B5005197D3 /* Wallet.swift */ = {isa = PBXFileReference; lastKnownFileType = sourcecode.swift; path = Wallet.swift; sourceTree = "<group>"; };
		7FC2327725C118D90014D8CF /* CopyUILabel.swift */ = {isa = PBXFileReference; lastKnownFileType = sourcecode.swift; path = CopyUILabel.swift; sourceTree = "<group>"; };
		7FEC870925B7FA4000283EBD /* btcwallet.app */ = {isa = PBXFileReference; explicitFileType = wrapper.application; includeInIndex = 0; path = btcwallet.app; sourceTree = BUILT_PRODUCTS_DIR; };
		7FEC870C25B7FA4000283EBD /* btcwalletApp.swift */ = {isa = PBXFileReference; lastKnownFileType = sourcecode.swift; path = btcwalletApp.swift; sourceTree = "<group>"; };
		7FEC870E25B7FA4000283EBD /* ContentView.swift */ = {isa = PBXFileReference; lastKnownFileType = sourcecode.swift; path = ContentView.swift; sourceTree = "<group>"; };
		7FEC871025B7FA4100283EBD /* Assets.xcassets */ = {isa = PBXFileReference; lastKnownFileType = folder.assetcatalog; path = Assets.xcassets; sourceTree = "<group>"; };
		7FEC871325B7FA4100283EBD /* Preview Assets.xcassets */ = {isa = PBXFileReference; lastKnownFileType = folder.assetcatalog; path = "Preview Assets.xcassets"; sourceTree = "<group>"; };
		7FEC871525B7FA4200283EBD /* Info.plist */ = {isa = PBXFileReference; lastKnownFileType = text.plist.xml; path = Info.plist; sourceTree = "<group>"; };
		7FEC871A25B7FA4200283EBD /* btcwalletTests.xctest */ = {isa = PBXFileReference; explicitFileType = wrapper.cfbundle; includeInIndex = 0; path = btcwalletTests.xctest; sourceTree = BUILT_PRODUCTS_DIR; };
		7FEC871E25B7FA4200283EBD /* btcwalletTests.swift */ = {isa = PBXFileReference; lastKnownFileType = sourcecode.swift; path = btcwalletTests.swift; sourceTree = "<group>"; };
		7FEC872025B7FA4200283EBD /* Info.plist */ = {isa = PBXFileReference; lastKnownFileType = text.plist.xml; path = Info.plist; sourceTree = "<group>"; };
		7FEC872525B7FA4200283EBD /* btcwalletUITests.xctest */ = {isa = PBXFileReference; explicitFileType = wrapper.cfbundle; includeInIndex = 0; path = btcwalletUITests.xctest; sourceTree = BUILT_PRODUCTS_DIR; };
		7FEC872925B7FA4200283EBD /* btcwalletUITests.swift */ = {isa = PBXFileReference; lastKnownFileType = sourcecode.swift; path = btcwalletUITests.swift; sourceTree = "<group>"; };
		7FEC872B25B7FA4200283EBD /* Info.plist */ = {isa = PBXFileReference; lastKnownFileType = text.plist.xml; path = Info.plist; sourceTree = "<group>"; };
		7FF59DBA25C3CACE0000F43E /* WalletView.swift */ = {isa = PBXFileReference; lastKnownFileType = sourcecode.swift; path = WalletView.swift; sourceTree = "<group>"; };
		7FF59DC525C3CD520000F43E /* PaymentView.swift */ = {isa = PBXFileReference; lastKnownFileType = sourcecode.swift; path = PaymentView.swift; sourceTree = "<group>"; };
		7FF59DD325C3D3B90000F43E /* SettingView.swift */ = {isa = PBXFileReference; lastKnownFileType = sourcecode.swift; path = SettingView.swift; sourceTree = "<group>"; };
		885BCD38ABA5A14F7F24FBA7 /* Pods-btcwalletTests.release.xcconfig */ = {isa = PBXFileReference; includeInIndex = 1; lastKnownFileType = text.xcconfig; name = "Pods-btcwalletTests.release.xcconfig"; path = "Target Support Files/Pods-btcwalletTests/Pods-btcwalletTests.release.xcconfig"; sourceTree = "<group>"; };
		8CD0570D62A2273293E72D25 /* Pods-btcwallet-btcwalletUITests.release.xcconfig */ = {isa = PBXFileReference; includeInIndex = 1; lastKnownFileType = text.xcconfig; name = "Pods-btcwallet-btcwalletUITests.release.xcconfig"; path = "Target Support Files/Pods-btcwallet-btcwalletUITests/Pods-btcwallet-btcwalletUITests.release.xcconfig"; sourceTree = "<group>"; };
		B62CA945B8FD75774B45692C /* Pods-btcwallet.debug.xcconfig */ = {isa = PBXFileReference; includeInIndex = 1; lastKnownFileType = text.xcconfig; name = "Pods-btcwallet.debug.xcconfig"; path = "Target Support Files/Pods-btcwallet/Pods-btcwallet.debug.xcconfig"; sourceTree = "<group>"; };
		C90A285A856AF855EBBD4E9C /* Pods_btcwallet_btcwalletUITests.framework */ = {isa = PBXFileReference; explicitFileType = wrapper.framework; includeInIndex = 0; path = Pods_btcwallet_btcwalletUITests.framework; sourceTree = BUILT_PRODUCTS_DIR; };
		CDBA0E9EA50B076E72C71338 /* Pods_btcwalletTests.framework */ = {isa = PBXFileReference; explicitFileType = wrapper.framework; includeInIndex = 0; path = Pods_btcwalletTests.framework; sourceTree = BUILT_PRODUCTS_DIR; };
/* End PBXFileReference section */

/* Begin PBXFrameworksBuildPhase section */
		7FEC870625B7FA4000283EBD /* Frameworks */ = {
			isa = PBXFrameworksBuildPhase;
			buildActionMask = 2147483647;
			files = (
				7FF59DCF25C3D0E80000F43E /* SwiftUIRefresh in Frameworks */,
				700A4F1F5434C408431B077D /* Pods_btcwallet.framework in Frameworks */,
				7F0B790A25C8D549003AA1B8 /* CodeScanner in Frameworks */,
			);
			runOnlyForDeploymentPostprocessing = 0;
		};
		7FEC871725B7FA4200283EBD /* Frameworks */ = {
			isa = PBXFrameworksBuildPhase;
			buildActionMask = 2147483647;
			files = (
				0F549246CDCFC1ABD8C44229 /* Pods_btcwalletTests.framework in Frameworks */,
			);
			runOnlyForDeploymentPostprocessing = 0;
		};
		7FEC872225B7FA4200283EBD /* Frameworks */ = {
			isa = PBXFrameworksBuildPhase;
			buildActionMask = 2147483647;
			files = (
				6DE922887E5CB6A5DAF0B07E /* Pods_btcwallet_btcwalletUITests.framework in Frameworks */,
			);
			runOnlyForDeploymentPostprocessing = 0;
		};
/* End PBXFrameworksBuildPhase section */

/* Begin PBXGroup section */
		476045D441576CF696AEBA0C /* Pods */ = {
			isa = PBXGroup;
			children = (
				B62CA945B8FD75774B45692C /* Pods-btcwallet.debug.xcconfig */,
				27C5E33C2FDA9EF2BCEA68EF /* Pods-btcwallet.release.xcconfig */,
				7E867F06EB752F9FEBCFF548 /* Pods-btcwallet-btcwalletUITests.debug.xcconfig */,
				8CD0570D62A2273293E72D25 /* Pods-btcwallet-btcwalletUITests.release.xcconfig */,
				6C4DC4D36C117BACD940137F /* Pods-btcwalletTests.debug.xcconfig */,
				885BCD38ABA5A14F7F24FBA7 /* Pods-btcwalletTests.release.xcconfig */,
			);
			path = Pods;
			sourceTree = "<group>";
		};
		7FEC870025B7FA4000283EBD = {
			isa = PBXGroup;
			children = (
				7FEC870B25B7FA4000283EBD /* btcwallet */,
				7FEC871D25B7FA4200283EBD /* btcwalletTests */,
				7FEC872825B7FA4200283EBD /* btcwalletUITests */,
				7FEC870A25B7FA4000283EBD /* Products */,
				476045D441576CF696AEBA0C /* Pods */,
				EA48BC6794AF7519BD486118 /* Frameworks */,
			);
			sourceTree = "<group>";
		};
		7FEC870A25B7FA4000283EBD /* Products */ = {
			isa = PBXGroup;
			children = (
				7FEC870925B7FA4000283EBD /* btcwallet.app */,
				7FEC871A25B7FA4200283EBD /* btcwalletTests.xctest */,
				7FEC872525B7FA4200283EBD /* btcwalletUITests.xctest */,
			);
			name = Products;
			sourceTree = "<group>";
		};
		7FEC870B25B7FA4000283EBD /* btcwallet */ = {
			isa = PBXGroup;
			children = (
				7FEC870C25B7FA4000283EBD /* btcwalletApp.swift */,
				7FEC870E25B7FA4000283EBD /* ContentView.swift */,
				7FF59DBA25C3CACE0000F43E /* WalletView.swift */,
				7FB90C1125BFB0B5005197D3 /* Wallet.swift */,
				7FF59DC525C3CD520000F43E /* PaymentView.swift */,
				7FF59DD325C3D3B90000F43E /* SettingView.swift */,
				7FC2327725C118D90014D8CF /* CopyUILabel.swift */,
				7FEC871025B7FA4100283EBD /* Assets.xcassets */,
				7FEC871525B7FA4200283EBD /* Info.plist */,
				7FEC871225B7FA4100283EBD /* Preview Content */,
				7FAFE4E625C168150035204C /* btctest.playground */,
			);
			path = btcwallet;
			sourceTree = "<group>";
		};
		7FEC871225B7FA4100283EBD /* Preview Content */ = {
			isa = PBXGroup;
			children = (
				7FEC871325B7FA4100283EBD /* Preview Assets.xcassets */,
			);
			path = "Preview Content";
			sourceTree = "<group>";
		};
		7FEC871D25B7FA4200283EBD /* btcwalletTests */ = {
			isa = PBXGroup;
			children = (
				7FEC871E25B7FA4200283EBD /* btcwalletTests.swift */,
				7FEC872025B7FA4200283EBD /* Info.plist */,
			);
			path = btcwalletTests;
			sourceTree = "<group>";
		};
		7FEC872825B7FA4200283EBD /* btcwalletUITests */ = {
			isa = PBXGroup;
			children = (
				7FEC872925B7FA4200283EBD /* btcwalletUITests.swift */,
				7FEC872B25B7FA4200283EBD /* Info.plist */,
			);
			path = btcwalletUITests;
			sourceTree = "<group>";
		};
		EA48BC6794AF7519BD486118 /* Frameworks */ = {
			isa = PBXGroup;
			children = (
				3520FA8C3B2806A2E7E7ECCE /* Pods_btcwallet.framework */,
				C90A285A856AF855EBBD4E9C /* Pods_btcwallet_btcwalletUITests.framework */,
				CDBA0E9EA50B076E72C71338 /* Pods_btcwalletTests.framework */,
			);
			name = Frameworks;
			sourceTree = "<group>";
		};
/* End PBXGroup section */

/* Begin PBXNativeTarget section */
		7FEC870825B7FA4000283EBD /* btcwallet */ = {
			isa = PBXNativeTarget;
			buildConfigurationList = 7FEC872E25B7FA4200283EBD /* Build configuration list for PBXNativeTarget "btcwallet" */;
			buildPhases = (
				6ED4CC41055BA1A2267BC684 /* [CP] Check Pods Manifest.lock */,
				7FEC870525B7FA4000283EBD /* Sources */,
				7FEC870625B7FA4000283EBD /* Frameworks */,
				7FEC870725B7FA4000283EBD /* Resources */,
				6D0048122EB301D3A15EC1C2 /* [CP] Embed Pods Frameworks */,
			);
			buildRules = (
			);
			dependencies = (
			);
			name = btcwallet;
			packageProductDependencies = (
				7FF59DCE25C3D0E80000F43E /* SwiftUIRefresh */,
				7F0B790925C8D549003AA1B8 /* CodeScanner */,
			);
			productName = btcwallet;
			productReference = 7FEC870925B7FA4000283EBD /* btcwallet.app */;
			productType = "com.apple.product-type.application";
		};
		7FEC871925B7FA4200283EBD /* btcwalletTests */ = {
			isa = PBXNativeTarget;
			buildConfigurationList = 7FEC873125B7FA4200283EBD /* Build configuration list for PBXNativeTarget "btcwalletTests" */;
			buildPhases = (
				7DE478744F3741367E0D103F /* [CP] Check Pods Manifest.lock */,
				7FEC871625B7FA4200283EBD /* Sources */,
				7FEC871725B7FA4200283EBD /* Frameworks */,
				7FEC871825B7FA4200283EBD /* Resources */,
			);
			buildRules = (
			);
			dependencies = (
				7FEC871C25B7FA4200283EBD /* PBXTargetDependency */,
			);
			name = btcwalletTests;
			productName = btcwalletTests;
			productReference = 7FEC871A25B7FA4200283EBD /* btcwalletTests.xctest */;
			productType = "com.apple.product-type.bundle.unit-test";
		};
		7FEC872425B7FA4200283EBD /* btcwalletUITests */ = {
			isa = PBXNativeTarget;
			buildConfigurationList = 7FEC873425B7FA4200283EBD /* Build configuration list for PBXNativeTarget "btcwalletUITests" */;
			buildPhases = (
				215227929280FD3E76534EF2 /* [CP] Check Pods Manifest.lock */,
				7FEC872125B7FA4200283EBD /* Sources */,
				7FEC872225B7FA4200283EBD /* Frameworks */,
				7FEC872325B7FA4200283EBD /* Resources */,
				D4C58D380FA16C31D604FBF9 /* [CP] Embed Pods Frameworks */,
			);
			buildRules = (
			);
			dependencies = (
				7FEC872725B7FA4200283EBD /* PBXTargetDependency */,
			);
			name = btcwalletUITests;
			productName = btcwalletUITests;
			productReference = 7FEC872525B7FA4200283EBD /* btcwalletUITests.xctest */;
			productType = "com.apple.product-type.bundle.ui-testing";
		};
/* End PBXNativeTarget section */

/* Begin PBXProject section */
		7FEC870125B7FA4000283EBD /* Project object */ = {
			isa = PBXProject;
			attributes = {
				LastSwiftUpdateCheck = 1230;
				LastUpgradeCheck = 1230;
				TargetAttributes = {
					7FEC870825B7FA4000283EBD = {
						CreatedOnToolsVersion = 12.3;
					};
					7FEC871925B7FA4200283EBD = {
						CreatedOnToolsVersion = 12.3;
						TestTargetID = 7FEC870825B7FA4000283EBD;
					};
					7FEC872425B7FA4200283EBD = {
						CreatedOnToolsVersion = 12.3;
						TestTargetID = 7FEC870825B7FA4000283EBD;
					};
				};
			};
			buildConfigurationList = 7FEC870425B7FA4000283EBD /* Build configuration list for PBXProject "btcwallet" */;
			compatibilityVersion = "Xcode 9.3";
			developmentRegion = en;
			hasScannedForEncodings = 0;
			knownRegions = (
				en,
				Base,
			);
			mainGroup = 7FEC870025B7FA4000283EBD;
			packageReferences = (
				7FF59DCD25C3D0E80000F43E /* XCRemoteSwiftPackageReference "SwiftUIRefresh" */,
				7F0B790825C8D549003AA1B8 /* XCRemoteSwiftPackageReference "CodeScanner" */,
			);
			productRefGroup = 7FEC870A25B7FA4000283EBD /* Products */;
			projectDirPath = "";
			projectRoot = "";
			targets = (
				7FEC870825B7FA4000283EBD /* btcwallet */,
				7FEC871925B7FA4200283EBD /* btcwalletTests */,
				7FEC872425B7FA4200283EBD /* btcwalletUITests */,
			);
		};
/* End PBXProject section */

/* Begin PBXResourcesBuildPhase section */
		7FEC870725B7FA4000283EBD /* Resources */ = {
			isa = PBXResourcesBuildPhase;
			buildActionMask = 2147483647;
			files = (
				7FEC871425B7FA4200283EBD /* Preview Assets.xcassets in Resources */,
				7FEC871125B7FA4100283EBD /* Assets.xcassets in Resources */,
			);
			runOnlyForDeploymentPostprocessing = 0;
		};
		7FEC871825B7FA4200283EBD /* Resources */ = {
			isa = PBXResourcesBuildPhase;
			buildActionMask = 2147483647;
			files = (
			);
			runOnlyForDeploymentPostprocessing = 0;
		};
		7FEC872325B7FA4200283EBD /* Resources */ = {
			isa = PBXResourcesBuildPhase;
			buildActionMask = 2147483647;
			files = (
			);
			runOnlyForDeploymentPostprocessing = 0;
		};
/* End PBXResourcesBuildPhase section */

/* Begin PBXShellScriptBuildPhase section */
		215227929280FD3E76534EF2 /* [CP] Check Pods Manifest.lock */ = {
			isa = PBXShellScriptBuildPhase;
			buildActionMask = 2147483647;
			files = (
			);
			inputFileListPaths = (
			);
			inputPaths = (
				"${PODS_PODFILE_DIR_PATH}/Podfile.lock",
				"${PODS_ROOT}/Manifest.lock",
			);
			name = "[CP] Check Pods Manifest.lock";
			outputFileListPaths = (
			);
			outputPaths = (
				"$(DERIVED_FILE_DIR)/Pods-btcwallet-btcwalletUITests-checkManifestLockResult.txt",
			);
			runOnlyForDeploymentPostprocessing = 0;
			shellPath = /bin/sh;
			shellScript = "diff \"${PODS_PODFILE_DIR_PATH}/Podfile.lock\" \"${PODS_ROOT}/Manifest.lock\" > /dev/null\nif [ $? != 0 ] ; then\n    # print error to STDERR\n    echo \"error: The sandbox is not in sync with the Podfile.lock. Run 'pod install' or update your CocoaPods installation.\" >&2\n    exit 1\nfi\n# This output is used by Xcode 'outputs' to avoid re-running this script phase.\necho \"SUCCESS\" > \"${SCRIPT_OUTPUT_FILE_0}\"\n";
			showEnvVarsInLog = 0;
		};
		6D0048122EB301D3A15EC1C2 /* [CP] Embed Pods Frameworks */ = {
			isa = PBXShellScriptBuildPhase;
			buildActionMask = 2147483647;
			files = (
			);
			inputFileListPaths = (
				"${PODS_ROOT}/Target Support Files/Pods-btcwallet/Pods-btcwallet-frameworks-${CONFIGURATION}-input-files.xcfilelist",
			);
			name = "[CP] Embed Pods Frameworks";
			outputFileListPaths = (
				"${PODS_ROOT}/Target Support Files/Pods-btcwallet/Pods-btcwallet-frameworks-${CONFIGURATION}-output-files.xcfilelist",
			);
			runOnlyForDeploymentPostprocessing = 0;
			shellPath = /bin/sh;
			shellScript = "\"${PODS_ROOT}/Target Support Files/Pods-btcwallet/Pods-btcwallet-frameworks.sh\"\n";
			showEnvVarsInLog = 0;
		};
		6ED4CC41055BA1A2267BC684 /* [CP] Check Pods Manifest.lock */ = {
			isa = PBXShellScriptBuildPhase;
			buildActionMask = 2147483647;
			files = (
			);
			inputFileListPaths = (
			);
			inputPaths = (
				"${PODS_PODFILE_DIR_PATH}/Podfile.lock",
				"${PODS_ROOT}/Manifest.lock",
			);
			name = "[CP] Check Pods Manifest.lock";
			outputFileListPaths = (
			);
			outputPaths = (
				"$(DERIVED_FILE_DIR)/Pods-btcwallet-checkManifestLockResult.txt",
			);
			runOnlyForDeploymentPostprocessing = 0;
			shellPath = /bin/sh;
			shellScript = "diff \"${PODS_PODFILE_DIR_PATH}/Podfile.lock\" \"${PODS_ROOT}/Manifest.lock\" > /dev/null\nif [ $? != 0 ] ; then\n    # print error to STDERR\n    echo \"error: The sandbox is not in sync with the Podfile.lock. Run 'pod install' or update your CocoaPods installation.\" >&2\n    exit 1\nfi\n# This output is used by Xcode 'outputs' to avoid re-running this script phase.\necho \"SUCCESS\" > \"${SCRIPT_OUTPUT_FILE_0}\"\n";
			showEnvVarsInLog = 0;
		};
		7DE478744F3741367E0D103F /* [CP] Check Pods Manifest.lock */ = {
			isa = PBXShellScriptBuildPhase;
			buildActionMask = 2147483647;
			files = (
			);
			inputFileListPaths = (
			);
			inputPaths = (
				"${PODS_PODFILE_DIR_PATH}/Podfile.lock",
				"${PODS_ROOT}/Manifest.lock",
			);
			name = "[CP] Check Pods Manifest.lock";
			outputFileListPaths = (
			);
			outputPaths = (
				"$(DERIVED_FILE_DIR)/Pods-btcwalletTests-checkManifestLockResult.txt",
			);
			runOnlyForDeploymentPostprocessing = 0;
			shellPath = /bin/sh;
			shellScript = "diff \"${PODS_PODFILE_DIR_PATH}/Podfile.lock\" \"${PODS_ROOT}/Manifest.lock\" > /dev/null\nif [ $? != 0 ] ; then\n    # print error to STDERR\n    echo \"error: The sandbox is not in sync with the Podfile.lock. Run 'pod install' or update your CocoaPods installation.\" >&2\n    exit 1\nfi\n# This output is used by Xcode 'outputs' to avoid re-running this script phase.\necho \"SUCCESS\" > \"${SCRIPT_OUTPUT_FILE_0}\"\n";
			showEnvVarsInLog = 0;
		};
		D4C58D380FA16C31D604FBF9 /* [CP] Embed Pods Frameworks */ = {
			isa = PBXShellScriptBuildPhase;
			buildActionMask = 2147483647;
			files = (
			);
			inputFileListPaths = (
				"${PODS_ROOT}/Target Support Files/Pods-btcwallet-btcwalletUITests/Pods-btcwallet-btcwalletUITests-frameworks-${CONFIGURATION}-input-files.xcfilelist",
			);
			name = "[CP] Embed Pods Frameworks";
			outputFileListPaths = (
				"${PODS_ROOT}/Target Support Files/Pods-btcwallet-btcwalletUITests/Pods-btcwallet-btcwalletUITests-frameworks-${CONFIGURATION}-output-files.xcfilelist",
			);
			runOnlyForDeploymentPostprocessing = 0;
			shellPath = /bin/sh;
			shellScript = "\"${PODS_ROOT}/Target Support Files/Pods-btcwallet-btcwalletUITests/Pods-btcwallet-btcwalletUITests-frameworks.sh\"\n";
			showEnvVarsInLog = 0;
		};
/* End PBXShellScriptBuildPhase section */

/* Begin PBXSourcesBuildPhase section */
		7FEC870525B7FA4000283EBD /* Sources */ = {
			isa = PBXSourcesBuildPhase;
			buildActionMask = 2147483647;
			files = (
				7FB90C1225BFB0B5005197D3 /* Wallet.swift in Sources */,
				7FC2327825C118D90014D8CF /* CopyUILabel.swift in Sources */,
				7FEC870F25B7FA4000283EBD /* ContentView.swift in Sources */,
				7FF59DD425C3D3B90000F43E /* SettingView.swift in Sources */,
				7FF59DC625C3CD520000F43E /* PaymentView.swift in Sources */,
				7FF59DBB25C3CACE0000F43E /* WalletView.swift in Sources */,
				7FEC870D25B7FA4000283EBD /* btcwalletApp.swift in Sources */,
			);
			runOnlyForDeploymentPostprocessing = 0;
		};
		7FEC871625B7FA4200283EBD /* Sources */ = {
			isa = PBXSourcesBuildPhase;
			buildActionMask = 2147483647;
			files = (
				7FEC871F25B7FA4200283EBD /* btcwalletTests.swift in Sources */,
			);
			runOnlyForDeploymentPostprocessing = 0;
		};
		7FEC872125B7FA4200283EBD /* Sources */ = {
			isa = PBXSourcesBuildPhase;
			buildActionMask = 2147483647;
			files = (
				7FEC872A25B7FA4200283EBD /* btcwalletUITests.swift in Sources */,
			);
			runOnlyForDeploymentPostprocessing = 0;
		};
/* End PBXSourcesBuildPhase section */

/* Begin PBXTargetDependency section */
		7FEC871C25B7FA4200283EBD /* PBXTargetDependency */ = {
			isa = PBXTargetDependency;
			target = 7FEC870825B7FA4000283EBD /* btcwallet */;
			targetProxy = 7FEC871B25B7FA4200283EBD /* PBXContainerItemProxy */;
		};
		7FEC872725B7FA4200283EBD /* PBXTargetDependency */ = {
			isa = PBXTargetDependency;
			target = 7FEC870825B7FA4000283EBD /* btcwallet */;
			targetProxy = 7FEC872625B7FA4200283EBD /* PBXContainerItemProxy */;
		};
/* End PBXTargetDependency section */

/* Begin XCBuildConfiguration section */
		7FEC872C25B7FA4200283EBD /* Debug */ = {
			isa = XCBuildConfiguration;
			buildSettings = {
				ALWAYS_SEARCH_USER_PATHS = NO;
				CLANG_ANALYZER_NONNULL = YES;
				CLANG_ANALYZER_NUMBER_OBJECT_CONVERSION = YES_AGGRESSIVE;
				CLANG_CXX_LANGUAGE_STANDARD = "gnu++14";
				CLANG_CXX_LIBRARY = "libc++";
				CLANG_ENABLE_MODULES = YES;
				CLANG_ENABLE_OBJC_ARC = YES;
				CLANG_ENABLE_OBJC_WEAK = YES;
				CLANG_WARN_BLOCK_CAPTURE_AUTORELEASING = YES;
				CLANG_WARN_BOOL_CONVERSION = YES;
				CLANG_WARN_COMMA = YES;
				CLANG_WARN_CONSTANT_CONVERSION = YES;
				CLANG_WARN_DEPRECATED_OBJC_IMPLEMENTATIONS = YES;
				CLANG_WARN_DIRECT_OBJC_ISA_USAGE = YES_ERROR;
				CLANG_WARN_DOCUMENTATION_COMMENTS = YES;
				CLANG_WARN_EMPTY_BODY = YES;
				CLANG_WARN_ENUM_CONVERSION = YES;
				CLANG_WARN_INFINITE_RECURSION = YES;
				CLANG_WARN_INT_CONVERSION = YES;
				CLANG_WARN_NON_LITERAL_NULL_CONVERSION = YES;
				CLANG_WARN_OBJC_IMPLICIT_RETAIN_SELF = YES;
				CLANG_WARN_OBJC_LITERAL_CONVERSION = YES;
				CLANG_WARN_OBJC_ROOT_CLASS = YES_ERROR;
				CLANG_WARN_QUOTED_INCLUDE_IN_FRAMEWORK_HEADER = YES;
				CLANG_WARN_RANGE_LOOP_ANALYSIS = YES;
				CLANG_WARN_STRICT_PROTOTYPES = YES;
				CLANG_WARN_SUSPICIOUS_MOVE = YES;
				CLANG_WARN_UNGUARDED_AVAILABILITY = YES_AGGRESSIVE;
				CLANG_WARN_UNREACHABLE_CODE = YES;
				CLANG_WARN__DUPLICATE_METHOD_MATCH = YES;
				COPY_PHASE_STRIP = NO;
				DEBUG_INFORMATION_FORMAT = dwarf;
				ENABLE_STRICT_OBJC_MSGSEND = YES;
				ENABLE_TESTABILITY = YES;
				GCC_C_LANGUAGE_STANDARD = gnu11;
				GCC_DYNAMIC_NO_PIC = NO;
				GCC_NO_COMMON_BLOCKS = YES;
				GCC_OPTIMIZATION_LEVEL = 0;
				GCC_PREPROCESSOR_DEFINITIONS = (
					"DEBUG=1",
					"$(inherited)",
				);
				GCC_WARN_64_TO_32_BIT_CONVERSION = YES;
				GCC_WARN_ABOUT_RETURN_TYPE = YES_ERROR;
				GCC_WARN_UNDECLARED_SELECTOR = YES;
				GCC_WARN_UNINITIALIZED_AUTOS = YES_AGGRESSIVE;
				GCC_WARN_UNUSED_FUNCTION = YES;
				GCC_WARN_UNUSED_VARIABLE = YES;
				IPHONEOS_DEPLOYMENT_TARGET = 14.3;
				MTL_ENABLE_DEBUG_INFO = INCLUDE_SOURCE;
				MTL_FAST_MATH = YES;
				ONLY_ACTIVE_ARCH = YES;
				SDKROOT = iphoneos;
				SWIFT_ACTIVE_COMPILATION_CONDITIONS = DEBUG;
				SWIFT_OPTIMIZATION_LEVEL = "-Onone";
			};
			name = Debug;
		};
		7FEC872D25B7FA4200283EBD /* Release */ = {
			isa = XCBuildConfiguration;
			buildSettings = {
				ALWAYS_SEARCH_USER_PATHS = NO;
				CLANG_ANALYZER_NONNULL = YES;
				CLANG_ANALYZER_NUMBER_OBJECT_CONVERSION = YES_AGGRESSIVE;
				CLANG_CXX_LANGUAGE_STANDARD = "gnu++14";
				CLANG_CXX_LIBRARY = "libc++";
				CLANG_ENABLE_MODULES = YES;
				CLANG_ENABLE_OBJC_ARC = YES;
				CLANG_ENABLE_OBJC_WEAK = YES;
				CLANG_WARN_BLOCK_CAPTURE_AUTORELEASING = YES;
				CLANG_WARN_BOOL_CONVERSION = YES;
				CLANG_WARN_COMMA = YES;
				CLANG_WARN_CONSTANT_CONVERSION = YES;
				CLANG_WARN_DEPRECATED_OBJC_IMPLEMENTATIONS = YES;
				CLANG_WARN_DIRECT_OBJC_ISA_USAGE = YES_ERROR;
				CLANG_WARN_DOCUMENTATION_COMMENTS = YES;
				CLANG_WARN_EMPTY_BODY = YES;
				CLANG_WARN_ENUM_CONVERSION = YES;
				CLANG_WARN_INFINITE_RECURSION = YES;
				CLANG_WARN_INT_CONVERSION = YES;
				CLANG_WARN_NON_LITERAL_NULL_CONVERSION = YES;
				CLANG_WARN_OBJC_IMPLICIT_RETAIN_SELF = YES;
				CLANG_WARN_OBJC_LITERAL_CONVERSION = YES;
				CLANG_WARN_OBJC_ROOT_CLASS = YES_ERROR;
				CLANG_WARN_QUOTED_INCLUDE_IN_FRAMEWORK_HEADER = YES;
				CLANG_WARN_RANGE_LOOP_ANALYSIS = YES;
				CLANG_WARN_STRICT_PROTOTYPES = YES;
				CLANG_WARN_SUSPICIOUS_MOVE = YES;
				CLANG_WARN_UNGUARDED_AVAILABILITY = YES_AGGRESSIVE;
				CLANG_WARN_UNREACHABLE_CODE = YES;
				CLANG_WARN__DUPLICATE_METHOD_MATCH = YES;
				COPY_PHASE_STRIP = NO;
				DEBUG_INFORMATION_FORMAT = "dwarf-with-dsym";
				ENABLE_NS_ASSERTIONS = NO;
				ENABLE_STRICT_OBJC_MSGSEND = YES;
				GCC_C_LANGUAGE_STANDARD = gnu11;
				GCC_NO_COMMON_BLOCKS = YES;
				GCC_WARN_64_TO_32_BIT_CONVERSION = YES;
				GCC_WARN_ABOUT_RETURN_TYPE = YES_ERROR;
				GCC_WARN_UNDECLARED_SELECTOR = YES;
				GCC_WARN_UNINITIALIZED_AUTOS = YES_AGGRESSIVE;
				GCC_WARN_UNUSED_FUNCTION = YES;
				GCC_WARN_UNUSED_VARIABLE = YES;
				IPHONEOS_DEPLOYMENT_TARGET = 14.3;
				MTL_ENABLE_DEBUG_INFO = NO;
				MTL_FAST_MATH = YES;
				SDKROOT = iphoneos;
				SWIFT_COMPILATION_MODE = wholemodule;
				SWIFT_OPTIMIZATION_LEVEL = "-O";
				VALIDATE_PRODUCT = YES;
			};
			name = Release;
		};
		7FEC872F25B7FA4200283EBD /* Debug */ = {
			isa = XCBuildConfiguration;
			baseConfigurationReference = B62CA945B8FD75774B45692C /* Pods-btcwallet.debug.xcconfig */;
			buildSettings = {
				ASSETCATALOG_COMPILER_APPICON_NAME = AppIcon;
				ASSETCATALOG_COMPILER_GLOBAL_ACCENT_COLOR_NAME = AccentColor;
				CODE_SIGN_STYLE = Automatic;
				DEVELOPMENT_ASSET_PATHS = "\"btcwallet/Preview Content\"";
				DEVELOPMENT_TEAM = GBM886534T;
				ENABLE_PREVIEWS = YES;
				INFOPLIST_FILE = btcwallet/Info.plist;
				IPHONEOS_DEPLOYMENT_TARGET = 14.0;
				LD_RUNPATH_SEARCH_PATHS = (
					"$(inherited)",
					"@executable_path/Frameworks",
				);
				PRODUCT_BUNDLE_IDENTIFIER = net.madokarun.btcwallet;
				PRODUCT_NAME = "$(TARGET_NAME)";
				SWIFT_VERSION = 5.0;
				TARGETED_DEVICE_FAMILY = "1,2";
			};
			name = Debug;
		};
		7FEC873025B7FA4200283EBD /* Release */ = {
			isa = XCBuildConfiguration;
			baseConfigurationReference = 27C5E33C2FDA9EF2BCEA68EF /* Pods-btcwallet.release.xcconfig */;
			buildSettings = {
				ASSETCATALOG_COMPILER_APPICON_NAME = AppIcon;
				ASSETCATALOG_COMPILER_GLOBAL_ACCENT_COLOR_NAME = AccentColor;
				CODE_SIGN_STYLE = Automatic;
				DEVELOPMENT_ASSET_PATHS = "\"btcwallet/Preview Content\"";
				DEVELOPMENT_TEAM = GBM886534T;
				ENABLE_PREVIEWS = YES;
				INFOPLIST_FILE = btcwallet/Info.plist;
				IPHONEOS_DEPLOYMENT_TARGET = 14.0;
				LD_RUNPATH_SEARCH_PATHS = (
					"$(inherited)",
					"@executable_path/Frameworks",
				);
				PRODUCT_BUNDLE_IDENTIFIER = net.madokarun.btcwallet;
				PRODUCT_NAME = "$(TARGET_NAME)";
				SWIFT_VERSION = 5.0;
				TARGETED_DEVICE_FAMILY = "1,2";
			};
			name = Release;
		};
		7FEC873225B7FA4200283EBD /* Debug */ = {
			isa = XCBuildConfiguration;
			baseConfigurationReference = 6C4DC4D36C117BACD940137F /* Pods-btcwalletTests.debug.xcconfig */;
			buildSettings = {
				ALWAYS_EMBED_SWIFT_STANDARD_LIBRARIES = YES;
				BUNDLE_LOADER = "$(TEST_HOST)";
				CODE_SIGN_STYLE = Automatic;
				DEVELOPMENT_TEAM = GBM886534T;
				INFOPLIST_FILE = btcwalletTests/Info.plist;
				IPHONEOS_DEPLOYMENT_TARGET = 14.0;
				LD_RUNPATH_SEARCH_PATHS = (
					"$(inherited)",
					"@executable_path/Frameworks",
					"@loader_path/Frameworks",
				);
				PRODUCT_BUNDLE_IDENTIFIER = net.madokarun.btcwalletTests;
				PRODUCT_NAME = "$(TARGET_NAME)";
				SWIFT_VERSION = 5.0;
				TARGETED_DEVICE_FAMILY = "1,2";
				TEST_HOST = "$(BUILT_PRODUCTS_DIR)/btcwallet.app/btcwallet";
			};
			name = Debug;
		};
		7FEC873325B7FA4200283EBD /* Release */ = {
			isa = XCBuildConfiguration;
			baseConfigurationReference = 885BCD38ABA5A14F7F24FBA7 /* Pods-btcwalletTests.release.xcconfig */;
			buildSettings = {
				ALWAYS_EMBED_SWIFT_STANDARD_LIBRARIES = YES;
				BUNDLE_LOADER = "$(TEST_HOST)";
				CODE_SIGN_STYLE = Automatic;
				DEVELOPMENT_TEAM = GBM886534T;
				INFOPLIST_FILE = btcwalletTests/Info.plist;
				IPHONEOS_DEPLOYMENT_TARGET = 14.0;
				LD_RUNPATH_SEARCH_PATHS = (
					"$(inherited)",
					"@executable_path/Frameworks",
					"@loader_path/Frameworks",
				);
				PRODUCT_BUNDLE_IDENTIFIER = net.madokarun.btcwalletTests;
				PRODUCT_NAME = "$(TARGET_NAME)";
				SWIFT_VERSION = 5.0;
				TARGETED_DEVICE_FAMILY = "1,2";
				TEST_HOST = "$(BUILT_PRODUCTS_DIR)/btcwallet.app/btcwallet";
			};
			name = Release;
		};
		7FEC873525B7FA4200283EBD /* Debug */ = {
			isa = XCBuildConfiguration;
			baseConfigurationReference = 7E867F06EB752F9FEBCFF548 /* Pods-btcwallet-btcwalletUITests.debug.xcconfig */;
			buildSettings = {
				ALWAYS_EMBED_SWIFT_STANDARD_LIBRARIES = YES;
				CODE_SIGN_STYLE = Automatic;
				DEVELOPMENT_TEAM = GBM886534T;
				INFOPLIST_FILE = btcwalletUITests/Info.plist;
				LD_RUNPATH_SEARCH_PATHS = (
					"$(inherited)",
					"@executable_path/Frameworks",
					"@loader_path/Frameworks",
				);
				PRODUCT_BUNDLE_IDENTIFIER = net.madokarun.btcwalletUITests;
				PRODUCT_NAME = "$(TARGET_NAME)";
				SWIFT_VERSION = 5.0;
				TARGETED_DEVICE_FAMILY = "1,2";
				TEST_TARGET_NAME = btcwallet;
			};
			name = Debug;
		};
		7FEC873625B7FA4200283EBD /* Release */ = {
			isa = XCBuildConfiguration;
			baseConfigurationReference = 8CD0570D62A2273293E72D25 /* Pods-btcwallet-btcwalletUITests.release.xcconfig */;
			buildSettings = {
				ALWAYS_EMBED_SWIFT_STANDARD_LIBRARIES = YES;
				CODE_SIGN_STYLE = Automatic;
				DEVELOPMENT_TEAM = GBM886534T;
				INFOPLIST_FILE = btcwalletUITests/Info.plist;
				LD_RUNPATH_SEARCH_PATHS = (
					"$(inherited)",
					"@executable_path/Frameworks",
					"@loader_path/Frameworks",
				);
				PRODUCT_BUNDLE_IDENTIFIER = net.madokarun.btcwalletUITests;
				PRODUCT_NAME = "$(TARGET_NAME)";
				SWIFT_VERSION = 5.0;
				TARGETED_DEVICE_FAMILY = "1,2";
				TEST_TARGET_NAME = btcwallet;
			};
			name = Release;
		};
/* End XCBuildConfiguration section */

/* Begin XCConfigurationList section */
		7FEC870425B7FA4000283EBD /* Build configuration list for PBXProject "btcwallet" */ = {
			isa = XCConfigurationList;
			buildConfigurations = (
				7FEC872C25B7FA4200283EBD /* Debug */,
				7FEC872D25B7FA4200283EBD /* Release */,
			);
			defaultConfigurationIsVisible = 0;
			defaultConfigurationName = Release;
		};
		7FEC872E25B7FA4200283EBD /* Build configuration list for PBXNativeTarget "btcwallet" */ = {
			isa = XCConfigurationList;
			buildConfigurations = (
				7FEC872F25B7FA4200283EBD /* Debug */,
				7FEC873025B7FA4200283EBD /* Release */,
			);
			defaultConfigurationIsVisible = 0;
			defaultConfigurationName = Release;
		};
		7FEC873125B7FA4200283EBD /* Build configuration list for PBXNativeTarget "btcwalletTests" */ = {
			isa = XCConfigurationList;
			buildConfigurations = (
				7FEC873225B7FA4200283EBD /* Debug */,
				7FEC873325B7FA4200283EBD /* Release */,
			);
			defaultConfigurationIsVisible = 0;
			defaultConfigurationName = Release;
		};
		7FEC873425B7FA4200283EBD /* Build configuration list for PBXNativeTarget "btcwalletUITests" */ = {
			isa = XCConfigurationList;
			buildConfigurations = (
				7FEC873525B7FA4200283EBD /* Debug */,
				7FEC873625B7FA4200283EBD /* Release */,
			);
			defaultConfigurationIsVisible = 0;
			defaultConfigurationName = Release;
		};
/* End XCConfigurationList section */

/* Begin XCRemoteSwiftPackageReference section */
		7F0B790825C8D549003AA1B8 /* XCRemoteSwiftPackageReference "CodeScanner" */ = {
			isa = XCRemoteSwiftPackageReference;
			repositoryURL = "https://github.com/rajubd49/CodeScanner";
			requirement = {
				kind = upToNextMajorVersion;
				minimumVersion = 1.0.6;
			};
		};
		7FF59DCD25C3D0E80000F43E /* XCRemoteSwiftPackageReference "SwiftUIRefresh" */ = {
			isa = XCRemoteSwiftPackageReference;
			repositoryURL = "https://github.com/timbersoftware/SwiftUIRefresh.git";
			requirement = {
				kind = upToNextMajorVersion;
				minimumVersion = 0.0.3;
			};
		};
/* End XCRemoteSwiftPackageReference section */

/* Begin XCSwiftPackageProductDependency section */
		7F0B790925C8D549003AA1B8 /* CodeScanner */ = {
			isa = XCSwiftPackageProductDependency;
			package = 7F0B790825C8D549003AA1B8 /* XCRemoteSwiftPackageReference "CodeScanner" */;
			productName = CodeScanner;
		};
		7FF59DCE25C3D0E80000F43E /* SwiftUIRefresh */ = {
			isa = XCSwiftPackageProductDependency;
			package = 7FF59DCD25C3D0E80000F43E /* XCRemoteSwiftPackageReference "SwiftUIRefresh" */;
			productName = SwiftUIRefresh;
		};
/* End XCSwiftPackageProductDependency section */
	};
	rootObject = 7FEC870125B7FA4000283EBD /* Project object */;
}
